
Microsoft Visual Studio Solution File, Format Version 12.00
# Visual Studio Version 16
VisualStudioVersion = 16.0.29102.190
MinimumVisualStudioVersion = 10.0.40219.1
Project("{FAE04EC0-301F-11D3-BF4B-00C04F79EFBC}") = "AplicacaoVisual", "RevisaoEntity\AplicacaoVisual.csproj", "{D46DD949-6A88-4B4E-BA67-708FCDCF32E5}"
EndProject
Project("{FAE04EC0-301F-11D3-BF4B-00C04F79EFBC}") = "RevisandoEntity", "RevisandoEntity\RevisandoEntity.csproj", "{C4776642-2B22-4411-8ABB-C920A9F38A08}"
EndProject
Global
	GlobalSection(SolutionConfigurationPlatforms) = preSolution
		Debug|Any CPU = Debug|Any CPU
		Release|Any CPU = Release|Any CPU
	EndGlobalSection
	GlobalSection(ProjectConfigurationPlatforms) = postSolution
		{D46DD949-6A88-4B4E-BA67-708FCDCF32E5}.Debug|Any CPU.ActiveCfg = Debug|Any CPU
		{D46DD949-6A88-4B4E-BA67-708FCDCF32E5}.Debug|Any CPU.Build.0 = Debug|Any CPU
		{D46DD949-6A88-4B4E-BA67-708FCDCF32E5}.Release|Any CPU.ActiveCfg = Release|Any CPU
		{D46DD949-6A88-4B4E-BA67-708FCDCF32E5}.Release|Any CPU.Build.0 = Release|Any CPU
		{C4776642-2B22-4411-8ABB-C920A9F38A08}.Debug|Any CPU.ActiveCfg = Debug|Any CPU
		{C4776642-2B22-4411-8ABB-C920A9F38A08}.Debug|Any CPU.Build.0 = Debug|Any CPU
		{C4776642-2B22-4411-8ABB-C920A9F38A08}.Release|Any CPU.ActiveCfg = Release|Any CPU
		{C4776642-2B22-4411-8ABB-C920A9F38A08}.Release|Any CPU.Build.0 = Release|Any CPU
	EndGlobalSection
	GlobalSection(SolutionProperties) = preSolution
		HideSolutionNode = FALSE
	EndGlobalSection
	GlobalSection(ExtensibilityGlobals) = postSolution
		SolutionGuid = {41962894-B842-4380-8BA4-92C9236696FA}
	EndGlobalSection
EndGlobal
