
Microsoft Visual Studio Solution File, Format Version 12.00
# Visual Studio Version 16
VisualStudioVersion = 16.0.29102.190
MinimumVisualStudioVersion = 10.0.40219.1
Project("{FAE04EC0-301F-11D3-BF4B-00C04F79EFBC}") = "ListaAlunosLibrary", "ListaAlunosLibrary\ListaAlunosLibrary.csproj", "{B108A55E-63D3-4DED-B9CB-E15A96FA1C41}"
EndProject
Project("{FAE04EC0-301F-11D3-BF4B-00C04F79EFBC}") = "ListaAlunosInterface", "ListaAlunosInterface\ListaAlunosInterface.csproj", "{673B2382-7578-4C89-AA07-16EB233BC345}"
EndProject
Global
	GlobalSection(SolutionConfigurationPlatforms) = preSolution
		Debug|Any CPU = Debug|Any CPU
		Release|Any CPU = Release|Any CPU
	EndGlobalSection
	GlobalSection(ProjectConfigurationPlatforms) = postSolution
		{B108A55E-63D3-4DED-B9CB-E15A96FA1C41}.Debug|Any CPU.ActiveCfg = Debug|Any CPU
		{B108A55E-63D3-4DED-B9CB-E15A96FA1C41}.Debug|Any CPU.Build.0 = Debug|Any CPU
		{B108A55E-63D3-4DED-B9CB-E15A96FA1C41}.Release|Any CPU.ActiveCfg = Release|Any CPU
		{B108A55E-63D3-4DED-B9CB-E15A96FA1C41}.Release|Any CPU.Build.0 = Release|Any CPU
		{673B2382-7578-4C89-AA07-16EB233BC345}.Debug|Any CPU.ActiveCfg = Debug|Any CPU
		{673B2382-7578-4C89-AA07-16EB233BC345}.Debug|Any CPU.Build.0 = Debug|Any CPU
		{673B2382-7578-4C89-AA07-16EB233BC345}.Release|Any CPU.ActiveCfg = Release|Any CPU
		{673B2382-7578-4C89-AA07-16EB233BC345}.Release|Any CPU.Build.0 = Release|Any CPU
	EndGlobalSection
	GlobalSection(SolutionProperties) = preSolution
		HideSolutionNode = FALSE
	EndGlobalSection
	GlobalSection(ExtensibilityGlobals) = postSolution
		SolutionGuid = {41B9F824-6F47-44EB-96E6-86374C1C1A2E}
	EndGlobalSection
EndGlobal
